{
  "nodes": {
    "argononed": {
      "flake": false,
      "locked": {
        "lastModified": 1729566243,
        "narHash": "sha256-DPNI0Dpk5aym3Baf5UbEe5GENDrSmmXVdriRSWE+rgk=",
        "owner": "nvmd",
        "repo": "argononed",
        "rev": "16dbee54d49b66d5654d228d1061246b440ef7cf",
        "type": "github"
      },
      "original": {
        "owner": "nvmd",
        "repo": "argononed",
        "type": "github"
      }
    },
    "flake-parts": {
      "inputs": {
        "nixpkgs-lib": "nixpkgs-lib"
      },
      "locked": {
        "lastModified": 1762810396,
        "narHash": "sha256-dxFVgQPG+R72dkhXTtqUm7KpxElw3u6E+YlQ2WaDgt8=",
        "owner": "hercules-ci",
        "repo": "flake-parts",
        "rev": "0bdadb1b265fb4143a75bd1ec7d8c915898a9923",
        "type": "github"
      },
      "original": {
        "owner": "hercules-ci",
        "repo": "flake-parts",
        "type": "github"
      }
    },
    "foundry-vtt": {
      "inputs": {
        "flake-parts": "flake-parts",
        "nixpkgs": "nixpkgs"
      },
      "locked": {
        "lastModified": 1762963193,
        "narHash": "sha256-hllPI1Q/LbYeT6ViU9HWj2NPboVxeoE89yqURyvsWGw=",
        "ref": "main",
        "rev": "8666071be64de61198f5fe114c0f1f268a76d29e",
        "revCount": 1,
        "type": "git",
        "url": "ssh://git@github.com/viicslen-nix/foundry-vtt"
      },
      "original": {
        "ref": "main",
        "type": "git",
        "url": "ssh://git@github.com/viicslen-nix/foundry-vtt"
      }
    },
    "nixos-images": {
      "inputs": {
        "nixos-stable": [
          "nixos-raspberrypi",
          "nixpkgs"
        ],
        "nixos-unstable": [
          "nixos-raspberrypi",
          "nixpkgs"
        ]
      },
      "locked": {
        "lastModified": 1747747741,
        "narHash": "sha256-LUOH27unNWbGTvZFitHonraNx0JF/55h30r9WxqrznM=",
        "owner": "nvmd",
        "repo": "nixos-images",
        "rev": "cbbd6db325775096680b65e2a32fb6187c09bbb4",
        "type": "github"
      },
      "original": {
        "owner": "nvmd",
        "ref": "sdimage-installer",
        "repo": "nixos-images",
        "type": "github"
      }
    },
    "nixos-raspberrypi": {
      "inputs": {
        "argononed": "argononed",
        "nixos-images": "nixos-images",
        "nixpkgs": "nixpkgs_2"
      },
      "locked": {
        "lastModified": 1758967172,
        "narHash": "sha256-zRASAVS7tX7gPdvCUbi2m7KGX0jNuMlaOFqbkUZhu9k=",
        "owner": "nvmd",
        "repo": "nixos-raspberrypi",
        "rev": "09c214a30e5a27e0fa92a9975b91c82ba05d1f17",
        "type": "github"
      },
      "original": {
        "owner": "nvmd",
        "ref": "main",
        "repo": "nixos-raspberrypi",
        "type": "github"
      }
    },
    "nixpkgs": {
      "locked": {
        "lastModified": 1762844143,
        "narHash": "sha256-SlybxLZ1/e4T2lb1czEtWVzDCVSTvk9WLwGhmxFmBxI=",
        "owner": "NixOS",
        "repo": "nixpkgs",
        "rev": "9da7f1cf7f8a6e2a7cb3001b048546c92a8258b4",
        "type": "github"
      },
      "original": {
        "owner": "NixOS",
        "ref": "nixos-unstable",
        "repo": "nixpkgs",
        "type": "github"
      }
    },
    "nixpkgs-lib": {
      "locked": {
        "lastModified": 1761765539,
        "narHash": "sha256-b0yj6kfvO8ApcSE+QmA6mUfu8IYG6/uU28OFn4PaC8M=",
        "owner": "nix-community",
        "repo": "nixpkgs.lib",
        "rev": "719359f4562934ae99f5443f20aa06c2ffff91fc",
        "type": "github"
      },
      "original": {
        "owner": "nix-community",
        "repo": "nixpkgs.lib",
        "type": "github"
      }
    },
    "nixpkgs_2": {
      "locked": {
        "lastModified": 1758583444,
        "narHash": "sha256-OnYthHIsVIMrZDWtCEp6Zde8ZtMcEBnpyCIdtTKU7bo=",
        "owner": "nvmd",
        "repo": "nixpkgs",
        "rev": "d8551a2038e21091fce8157e070bdb25dca0a94f",
        "type": "github"
      },
      "original": {
        "owner": "nvmd",
        "ref": "modules-with-keys-25.05",
        "repo": "nixpkgs",
        "type": "github"
      }
    },
    "nixpkgs_3": {
      "locked": {
        "lastModified": 1762844143,
        "narHash": "sha256-SlybxLZ1/e4T2lb1czEtWVzDCVSTvk9WLwGhmxFmBxI=",
        "owner": "nixos",
        "repo": "nixpkgs",
        "rev": "9da7f1cf7f8a6e2a7cb3001b048546c92a8258b4",
        "type": "github"
      },
      "original": {
        "owner": "nixos",
        "ref": "nixos-unstable",
        "repo": "nixpkgs",
        "type": "github"
      }
    },
    "root": {
      "inputs": {
        "foundry-vtt": "foundry-vtt",
        "nixos-raspberrypi": "nixos-raspberrypi",
        "nixpkgs": "nixpkgs_3"
      }
    }
  },
  "root": "root",
  "version": 7
}
